schema: '2.0'
stages:
  split_data:
    cmd: python src/stage_02_split_data.py --config=config/config.yaml  --params=params.yaml
    deps:
    - path: artifacts/raw_local_dir/data.csv
      md5: 7d814a1bda02145efe703f4e1c01847a
      size: 93599
    - path: config/config.yaml
      md5: 74a0cf6897a4882c012da5761a314117
      size: 466
    - path: src/stage_02_split_data.py
      md5: 7ff8fbcfa2f0daeb02887f55056a8e43
      size: 1869
    - path: src/utils/all_utils.py
      md5: c450efb5a981a124d398ab349c9d5ef6
      size: 725
    params:
      params.yaml:
        base.random_state: 42
        base.test_size: 0.2
    outs:
    - path: artifacts/split_data_dir/test.csv
      md5: b0a1dbeb7586d88a8be61abde64f9114
      size: 18832
    - path: artifacts/split_data_dir/train.csv
      md5: d6dded45f97a8e239b8321d3fdc695b7
      size: 74914
  always_run:
    cmd: python Demo\test.py
  load_data:
    cmd: python src/stage_01_load_save.py --config=config/config.yaml
    deps:
    - path: config/config.yaml
      md5: 74a0cf6897a4882c012da5761a314117
      size: 466
    - path: src/stage_01_load_save.py
      md5: 0e482453e0cd61bab1098ef4f167162e
      size: 1081
    - path: src/utils/all_utils.py
      md5: c450efb5a981a124d398ab349c9d5ef6
      size: 725
    outs:
    - path: artifacts/raw_local_dir/data.csv
      md5: 7d814a1bda02145efe703f4e1c01847a
      size: 93599
  train_data:
    cmd: python src/stage_03_train.py --config=config/config.yaml  --params=params.yaml
    deps:
    - path: artifacts/split_data_dir/train.csv
      md5: d6dded45f97a8e239b8321d3fdc695b7
      size: 74914
    - path: config/config.yaml
      md5: 74a0cf6897a4882c012da5761a314117
      size: 466
    - path: src/stage_03_train.py
      md5: 4feb29e0b4fffb1788cb74dd4777ed7a
      size: 2355
    - path: src/utils/all_utils.py
      md5: c450efb5a981a124d398ab349c9d5ef6
      size: 725
    params:
      params.yaml:
        model_params.ElasticNet.alpha: 0.5
        model_params.ElasticNet.l1_ratio: 0.5
        model_params.ElasticNet.random_state: 42
        model_params.RandomForestRegressor.oob_score: true
    outs:
    - path: artifacts/model_dir/Elastic.model
      md5: 8e1a9aa8c30066f3d3243ba30006ade7
      size: 1369
    - path: artifacts/model_dir/RF.model
      md5: 389a7001ecbb9bb195cce07b980057ed
      size: 3063955
  eval_data:
    cmd: python src/stage_04_eval.py --config=config/config.yaml
    deps:
    - path: artifacts/split_data_dir/test.csv
      md5: b0a1dbeb7586d88a8be61abde64f9114
      size: 18832
    - path: config/config.yaml
      md5: 74a0cf6897a4882c012da5761a314117
      size: 466
    - path: src/stage_04_eval.py
      md5: 35650814f6be95ed8cc258ac129b5814
      size: 2730
    - path: src/utils/all_utils.py
      md5: c450efb5a981a124d398ab349c9d5ef6
      size: 725
    outs:
    - path: artifacts/reports_dir/lr_scores.json
      md5: 731e19375d063697bd6f5d58d054c2d2
      size: 99
    - path: artifacts/reports_dir/rf_scores.json
      md5: b41bafaff83a9f6560f936ba5cd1daf1
      size: 90
